Microsoft Visual Studio Solution File, Format Version 12.00
# Visual Studio Version 18
VisualStudioVersion = 18.1.11312.151
MinimumVisualStudioVersion = 10.0.40219.1
Project("{9A19103F-16F7-4668-BE54-9A1E7A4F7556}") = "KashCareNet.Patient.App", "src\KashCareNet.Application\KashCareNet.Patient.App.csproj", "{00E1B26D-CAD7-63A1-A832-2D90F010FF08}"
EndProject
Project("{9A19103F-16F7-4668-BE54-9A1E7A4F7556}") = "Doctor.KashCare.API", "src\Doctor.KashCare.API\Doctor.KashCare.API.csproj", "{33B5E977-E272-267E-DB89-01F05882AC1C}"
EndProject
Project("{9A19103F-16F7-4668-BE54-9A1E7A4F7556}") = "Patient.KashCare.API", "src\Patient.KashCare.API\Patient.KashCare.API.csproj", "{8F26FC1A-BF31-43DF-A03E-A5516A9DBB8B}"
EndProject
Project("{2150E333-8FDC-42A3-9474-1A3956D46DE8}") = "KashCareApi", "KashCareApi", "{AEF49779-3037-4D16-BF11-A02692AEE1B7}"
EndProject
Project("{FAE04EC0-301F-11D3-BF4B-00C04F79EFBC}") = "Logistics.KashCare.API", "src\Logistics.KashCare.API\Logistics.KashCare.API.csproj", "{19EA8EC9-219A-8F61-D67A-42A3C20BCCCC}"
EndProject
Project("{2150E333-8FDC-42A3-9474-1A3956D46DE8}") = "KashCareApplication", "KashCareApplication", "{36A800B1-7867-4915-9246-2D108B6C9C11}"
EndProject
Project("{2150E333-8FDC-42A3-9474-1A3956D46DE8}") = "KashCareData", "KashCareData", "{27D4EAEF-524A-4AEA-823C-4A693ADDA1D4}"
	ProjectSection(SolutionItems) = preProject
		readme.txt = readme.txt
	EndProjectSection
EndProject
Project("{FAE04EC0-301F-11D3-BF4B-00C04F79EFBC}") = "KashCare.Logistics.App", "src\KashCare.Logistics.App\KashCare.Logistics.App.csproj", "{B234329A-3BDA-4CB9-8D32-0B4BEA927A3A}"
EndProject
Project("{FAE04EC0-301F-11D3-BF4B-00C04F79EFBC}") = "KashCare.Doctor.App", "src\KashCare.Doctor.App\KashCare.Doctor.App.csproj", "{A806613F-3E67-4D1D-846E-2A4CDF207A00}"
EndProject
Project("{2150E333-8FDC-42A3-9474-1A3956D46DE8}") = "CommonInfra", "CommonInfra", "{3D399AB5-8BFE-4567-B396-9B9DA36855DE}"
EndProject
Project("{FAE04EC0-301F-11D3-BF4B-00C04F79EFBC}") = "KashCare.Logistics", "src\KashCare.Logistics\KashCare.Logistics.csproj", "{579A2A6C-C022-427B-B016-D17908994216}"
EndProject
Project("{FAE04EC0-301F-11D3-BF4B-00C04F79EFBC}") = "KashCare.DoctorPatient", "src\KashCare.Doctor\KashCare.DoctorPatient.csproj", "{BF4EBCE8-7DA7-35FD-6D96-67D33D0B37D4}"
EndProject
Project("{FAE04EC0-301F-11D3-BF4B-00C04F79EFBC}") = "CommonInfraLib", "src\CommonInfraLib\CommonInfraLib.csproj", "{0DA3BD74-C89A-469F-8A88-19DC38883EC4}"
EndProject
Global
	GlobalSection(SolutionConfigurationPlatforms) = preSolution
		Debug|Any CPU = Debug|Any CPU
		Release|Any CPU = Release|Any CPU
	EndGlobalSection
	GlobalSection(ProjectConfigurationPlatforms) = postSolution
		{00E1B26D-CAD7-63A1-A832-2D90F010FF08}.Debug|Any CPU.ActiveCfg = Debug|Any CPU
		{00E1B26D-CAD7-63A1-A832-2D90F010FF08}.Debug|Any CPU.Build.0 = Debug|Any CPU
		{00E1B26D-CAD7-63A1-A832-2D90F010FF08}.Release|Any CPU.ActiveCfg = Release|Any CPU
		{00E1B26D-CAD7-63A1-A832-2D90F010FF08}.Release|Any CPU.Build.0 = Release|Any CPU
		{33B5E977-E272-267E-DB89-01F05882AC1C}.Debug|Any CPU.ActiveCfg = Debug|Any CPU
		{33B5E977-E272-267E-DB89-01F05882AC1C}.Debug|Any CPU.Build.0 = Debug|Any CPU
		{33B5E977-E272-267E-DB89-01F05882AC1C}.Release|Any CPU.ActiveCfg = Release|Any CPU
		{33B5E977-E272-267E-DB89-01F05882AC1C}.Release|Any CPU.Build.0 = Release|Any CPU
		{8F26FC1A-BF31-43DF-A03E-A5516A9DBB8B}.Debug|Any CPU.ActiveCfg = Debug|Any CPU
		{8F26FC1A-BF31-43DF-A03E-A5516A9DBB8B}.Debug|Any CPU.Build.0 = Debug|Any CPU
		{8F26FC1A-BF31-43DF-A03E-A5516A9DBB8B}.Release|Any CPU.ActiveCfg = Release|Any CPU
		{8F26FC1A-BF31-43DF-A03E-A5516A9DBB8B}.Release|Any CPU.Build.0 = Release|Any CPU
		{19EA8EC9-219A-8F61-D67A-42A3C20BCCCC}.Debug|Any CPU.ActiveCfg = Debug|Any CPU
		{19EA8EC9-219A-8F61-D67A-42A3C20BCCCC}.Debug|Any CPU.Build.0 = Debug|Any CPU
		{19EA8EC9-219A-8F61-D67A-42A3C20BCCCC}.Release|Any CPU.ActiveCfg = Release|Any CPU
		{19EA8EC9-219A-8F61-D67A-42A3C20BCCCC}.Release|Any CPU.Build.0 = Release|Any CPU
		{B234329A-3BDA-4CB9-8D32-0B4BEA927A3A}.Debug|Any CPU.ActiveCfg = Debug|Any CPU
		{B234329A-3BDA-4CB9-8D32-0B4BEA927A3A}.Debug|Any CPU.Build.0 = Debug|Any CPU
		{B234329A-3BDA-4CB9-8D32-0B4BEA927A3A}.Release|Any CPU.ActiveCfg = Release|Any CPU
		{B234329A-3BDA-4CB9-8D32-0B4BEA927A3A}.Release|Any CPU.Build.0 = Release|Any CPU
		{A806613F-3E67-4D1D-846E-2A4CDF207A00}.Debug|Any CPU.ActiveCfg = Debug|Any CPU
		{A806613F-3E67-4D1D-846E-2A4CDF207A00}.Debug|Any CPU.Build.0 = Debug|Any CPU
		{A806613F-3E67-4D1D-846E-2A4CDF207A00}.Release|Any CPU.ActiveCfg = Release|Any CPU
		{A806613F-3E67-4D1D-846E-2A4CDF207A00}.Release|Any CPU.Build.0 = Release|Any CPU
		{579A2A6C-C022-427B-B016-D17908994216}.Debug|Any CPU.ActiveCfg = Debug|Any CPU
		{579A2A6C-C022-427B-B016-D17908994216}.Debug|Any CPU.Build.0 = Debug|Any CPU
		{579A2A6C-C022-427B-B016-D17908994216}.Release|Any CPU.ActiveCfg = Release|Any CPU
		{579A2A6C-C022-427B-B016-D17908994216}.Release|Any CPU.Build.0 = Release|Any CPU
		{BF4EBCE8-7DA7-35FD-6D96-67D33D0B37D4}.Debug|Any CPU.ActiveCfg = Debug|Any CPU
		{BF4EBCE8-7DA7-35FD-6D96-67D33D0B37D4}.Debug|Any CPU.Build.0 = Debug|Any CPU
		{BF4EBCE8-7DA7-35FD-6D96-67D33D0B37D4}.Release|Any CPU.ActiveCfg = Release|Any CPU
		{BF4EBCE8-7DA7-35FD-6D96-67D33D0B37D4}.Release|Any CPU.Build.0 = Release|Any CPU
		{0DA3BD74-C89A-469F-8A88-19DC38883EC4}.Debug|Any CPU.ActiveCfg = Debug|Any CPU
		{0DA3BD74-C89A-469F-8A88-19DC38883EC4}.Debug|Any CPU.Build.0 = Debug|Any CPU
		{0DA3BD74-C89A-469F-8A88-19DC38883EC4}.Release|Any CPU.ActiveCfg = Release|Any CPU
		{0DA3BD74-C89A-469F-8A88-19DC38883EC4}.Release|Any CPU.Build.0 = Release|Any CPU
	EndGlobalSection
	GlobalSection(SolutionProperties) = preSolution
		HideSolutionNode = FALSE
	EndGlobalSection
	GlobalSection(NestedProjects) = preSolution
		{00E1B26D-CAD7-63A1-A832-2D90F010FF08} = {36A800B1-7867-4915-9246-2D108B6C9C11}
		{33B5E977-E272-267E-DB89-01F05882AC1C} = {AEF49779-3037-4D16-BF11-A02692AEE1B7}
		{8F26FC1A-BF31-43DF-A03E-A5516A9DBB8B} = {AEF49779-3037-4D16-BF11-A02692AEE1B7}
		{19EA8EC9-219A-8F61-D67A-42A3C20BCCCC} = {AEF49779-3037-4D16-BF11-A02692AEE1B7}
		{B234329A-3BDA-4CB9-8D32-0B4BEA927A3A} = {36A800B1-7867-4915-9246-2D108B6C9C11}
		{A806613F-3E67-4D1D-846E-2A4CDF207A00} = {36A800B1-7867-4915-9246-2D108B6C9C11}
		{3D399AB5-8BFE-4567-B396-9B9DA36855DE} = {AEF49779-3037-4D16-BF11-A02692AEE1B7}
		{579A2A6C-C022-427B-B016-D17908994216} = {27D4EAEF-524A-4AEA-823C-4A693ADDA1D4}
		{BF4EBCE8-7DA7-35FD-6D96-67D33D0B37D4} = {27D4EAEF-524A-4AEA-823C-4A693ADDA1D4}
		{0DA3BD74-C89A-469F-8A88-19DC38883EC4} = {3D399AB5-8BFE-4567-B396-9B9DA36855DE}
	EndGlobalSection
	GlobalSection(ExtensibilityGlobals) = postSolution
		SolutionGuid = {B6364594-8D1F-4A25-808D-D4E065D5FFD0}
	EndGlobalSection
EndGlobal
